
Microsoft Visual Studio Solution File, Format Version 12.00
# Visual Studio Version 17
VisualStudioVersion = 17.4.33205.214
MinimumVisualStudioVersion = 10.0.40219.1
Project("{9A19103F-16F7-4668-BE54-9A1E7A4F7556}") = "ConsoleMenu", "ConsoleMenu\ConsoleMenu.csproj", "{DDA3F94B-180A-45F8-8A08-1B541F9116B2}"
EndProject
Project("{FAE04EC0-301F-11D3-BF4B-00C04F79EFBC}") = "ConsoleClock", "ConsoleClock\ConsoleClock.csproj", "{3C608D15-0390-4A19-B92F-D7A76DB2DD4F}"
EndProject
Global
	GlobalSection(SolutionConfigurationPlatforms) = preSolution
		Debug|Any CPU = Debug|Any CPU
		Release|Any CPU = Release|Any CPU
	EndGlobalSection
	GlobalSection(ProjectConfigurationPlatforms) = postSolution
		{DDA3F94B-180A-45F8-8A08-1B541F9116B2}.Debug|Any CPU.ActiveCfg = Debug|Any CPU
		{DDA3F94B-180A-45F8-8A08-1B541F9116B2}.Debug|Any CPU.Build.0 = Debug|Any CPU
		{DDA3F94B-180A-45F8-8A08-1B541F9116B2}.Release|Any CPU.ActiveCfg = Release|Any CPU
		{DDA3F94B-180A-45F8-8A08-1B541F9116B2}.Release|Any CPU.Build.0 = Release|Any CPU
		{3C608D15-0390-4A19-B92F-D7A76DB2DD4F}.Debug|Any CPU.ActiveCfg = Debug|Any CPU
		{3C608D15-0390-4A19-B92F-D7A76DB2DD4F}.Debug|Any CPU.Build.0 = Debug|Any CPU
		{3C608D15-0390-4A19-B92F-D7A76DB2DD4F}.Release|Any CPU.ActiveCfg = Release|Any CPU
		{3C608D15-0390-4A19-B92F-D7A76DB2DD4F}.Release|Any CPU.Build.0 = Release|Any CPU
	EndGlobalSection
	GlobalSection(SolutionProperties) = preSolution
		HideSolutionNode = FALSE
	EndGlobalSection
	GlobalSection(ExtensibilityGlobals) = postSolution
		SolutionGuid = {4CA3FC56-47F4-437D-A1AC-338AE8201D6C}
	EndGlobalSection
EndGlobal
